<?xml version="1.0" encoding="utf-8"?>
<Project ToolsVersion="4.0" xmlns="http://schemas.microsoft.com/developer/msbuild/2003">
  <ItemGroup>
    <Filter Include="Scenes">
      <UniqueIdentifier>{a06b7052-9cfb-49de-95a6-aa508688bff3}</UniqueIdentifier>
    </Filter>
  </ItemGroup>
  <ItemGroup>
    <ClInclude Include="JHLoadScenes.h">
      <Filter>Scenes</Filter>
    </ClInclude>
    <ClInclude Include="JHPlayScene.h">
      <Filter>Scenes</Filter>
    </ClInclude>
    <ClInclude Include="JHTitleScene.h">
      <Filter>Scenes</Filter>
    </ClInclude>
    <ClInclude Include="JHPlayer.h" />
    <ClInclude Include="JHLoadResources.h" />
  </ItemGroup>
  <ItemGroup>
    <ClCompile Include="JHPlayScene.cpp">
      <Filter>Scenes</Filter>
    </ClCompile>
    <ClCompile Include="JHTitleScene.cpp">
      <Filter>Scenes</Filter>
    </ClCompile>
    <ClCompile Include="JHPlayer.cpp" />
  </ItemGroup>
</Project>