
Microsoft Visual Studio Solution File, Format Version 12.00
# Visual Studio Version 17
VisualStudioVersion = 17.8.34525.116
MinimumVisualStudioVersion = 10.0.40219.1
Project("{8BC9CEB8-8B4A-11D0-8D11-00A0C91BC942}") = "Editor_Window", "Editor_Window\Editor_Window.vcxproj", "{B7288D68-92E2-4BC1-84E3-6ED0ADA3E67E}"
EndProject
Global
	GlobalSection(SolutionConfigurationPlatforms) = preSolution
		Debug|x64 = Debug|x64
		Debug|x86 = Debug|x86
		Release|x64 = Release|x64
		Release|x86 = Release|x86
	EndGlobalSection
	GlobalSection(ProjectConfigurationPlatforms) = postSolution
		{B7288D68-92E2-4BC1-84E3-6ED0ADA3E67E}.Debug|x64.ActiveCfg = Debug|x64
		{B7288D68-92E2-4BC1-84E3-6ED0ADA3E67E}.Debug|x64.Build.0 = Debug|x64
		{B7288D68-92E2-4BC1-84E3-6ED0ADA3E67E}.Debug|x86.ActiveCfg = Debug|Win32
		{B7288D68-92E2-4BC1-84E3-6ED0ADA3E67E}.Debug|x86.Build.0 = Debug|Win32
		{B7288D68-92E2-4BC1-84E3-6ED0ADA3E67E}.Release|x64.ActiveCfg = Release|x64
		{B7288D68-92E2-4BC1-84E3-6ED0ADA3E67E}.Release|x64.Build.0 = Release|x64
		{B7288D68-92E2-4BC1-84E3-6ED0ADA3E67E}.Release|x86.ActiveCfg = Release|Win32
		{B7288D68-92E2-4BC1-84E3-6ED0ADA3E67E}.Release|x86.Build.0 = Release|Win32
	EndGlobalSection
	GlobalSection(SolutionProperties) = preSolution
		HideSolutionNode = FALSE
	EndGlobalSection
	GlobalSection(ExtensibilityGlobals) = postSolution
		SolutionGuid = {84F8E5C9-F70B-41A1-AB75-6ACC5CD4DEB5}
	EndGlobalSection
EndGlobal
